
Microsoft Visual Studio Solution File, Format Version 10.00
# Visual Studio 2008
Project("{FAE04EC0-301F-11D3-BF4B-00C04F79EFBC}") = "Specification", "Specification.csproj", "{7D40F067-5171-4F53-B78B-195BE4B1C391}"
EndProject
Global
	GlobalSection(SolutionConfigurationPlatforms) = preSolution
		Debug|Any CPU = Debug|Any CPU
		Release|Any CPU = Release|Any CPU
	EndGlobalSection
	GlobalSection(ProjectConfigurationPlatforms) = postSolution
		{7D40F067-5171-4F53-B78B-195BE4B1C391}.Debug|Any CPU.ActiveCfg = Debug|Any CPU
		{7D40F067-5171-4F53-B78B-195BE4B1C391}.Debug|Any CPU.Build.0 = Debug|Any CPU
		{7D40F067-5171-4F53-B78B-195BE4B1C391}.Release|Any CPU.ActiveCfg = Release|Any CPU
		{7D40F067-5171-4F53-B78B-195BE4B1C391}.Release|Any CPU.Build.0 = Release|Any CPU
	EndGlobalSection
	GlobalSection(SolutionProperties) = preSolution
		HideSolutionNode = FALSE
	EndGlobalSection
EndGlobal
